// !$*UTF8*$!
{
	archiveVersion = 1;
	classes = {
	};
	objectVersion = 56;
	objects = {

/* Begin PBXBuildFile section */
		C63773DF293E9ED300F3B532 /* AppDelegate.swift in Sources */ = {isa = PBXBuildFile; fileRef = C63773DE293E9ED300F3B532 /* AppDelegate.swift */; };
		C63773E1293E9ED300F3B532 /* SceneDelegate.swift in Sources */ = {isa = PBXBuildFile; fileRef = C63773E0293E9ED300F3B532 /* SceneDelegate.swift */; };
		C63773E3293E9ED300F3B532 /* ViewController.swift in Sources */ = {isa = PBXBuildFile; fileRef = C63773E2293E9ED300F3B532 /* ViewController.swift */; };
		C63773E6293E9ED300F3B532 /* Main.storyboard in Resources */ = {isa = PBXBuildFile; fileRef = C63773E4293E9ED300F3B532 /* Main.storyboard */; };
		C63773E8293E9ED500F3B532 /* Assets.xcassets in Resources */ = {isa = PBXBuildFile; fileRef = C63773E7293E9ED500F3B532 /* Assets.xcassets */; };
		C63773EB293E9ED500F3B532 /* LaunchScreen.storyboard in Resources */ = {isa = PBXBuildFile; fileRef = C63773E9293E9ED500F3B532 /* LaunchScreen.storyboard */; };
		C63773F4293EA5B200F3B532 /* LoginViewController.swift in Sources */ = {isa = PBXBuildFile; fileRef = C63773F3293EA5B200F3B532 /* LoginViewController.swift */; };
		C63773F6293EACB800F3B532 /* RecoveryViewController.swift in Sources */ = {isa = PBXBuildFile; fileRef = C63773F5293EACB800F3B532 /* RecoveryViewController.swift */; };
		C63773F8293EACC800F3B532 /* RegisterViewController.swift in Sources */ = {isa = PBXBuildFile; fileRef = C63773F7293EACC800F3B532 /* RegisterViewController.swift */; };
		C63773FA293EC05D00F3B532 /* GoogleService-Info.plist in Resources */ = {isa = PBXBuildFile; fileRef = C63773F9293EC05D00F3B532 /* GoogleService-Info.plist */; };
		C6377400293EDDEE00F3B532 /* FirebaseAnalytics in Frameworks */ = {isa = PBXBuildFile; productRef = C63773FF293EDDEE00F3B532 /* FirebaseAnalytics */; };
		C6377402293EDDEE00F3B532 /* FirebaseAnalyticsSwift in Frameworks */ = {isa = PBXBuildFile; productRef = C6377401293EDDEE00F3B532 /* FirebaseAnalyticsSwift */; };
		C6377404293EDDEE00F3B532 /* FirebaseAuth in Frameworks */ = {isa = PBXBuildFile; productRef = C6377403293EDDEE00F3B532 /* FirebaseAuth */; };
		C637740E293EF03800F3B532 /* Home.storyboard in Resources */ = {isa = PBXBuildFile; fileRef = C637740D293EF03800F3B532 /* Home.storyboard */; };
		C6377410293EF04E00F3B532 /* HomeViewController.swift in Sources */ = {isa = PBXBuildFile; fileRef = C637740F293EF04E00F3B532 /* HomeViewController.swift */; };
		C6BD5BF1293FCC090031F32B /* ValidationUtils.swift in Sources */ = {isa = PBXBuildFile; fileRef = C6BD5BF0293FCC090031F32B /* ValidationUtils.swift */; };
		C6BD5BF4293FFE8D0031F32B /* FirebaseFirestore in Frameworks */ = {isa = PBXBuildFile; productRef = C6BD5BF3293FFE8D0031F32B /* FirebaseFirestore */; };
		C6BD5BF6293FFE8D0031F32B /* FirebaseFirestoreSwift in Frameworks */ = {isa = PBXBuildFile; productRef = C6BD5BF5293FFE8D0031F32B /* FirebaseFirestoreSwift */; };
		C6BD5BF92940085A0031F32B /* UserModel.swift in Sources */ = {isa = PBXBuildFile; fileRef = C6BD5BF82940085A0031F32B /* UserModel.swift */; };
		C6BD5BFE294110030031F32B /* CellFrasesTableViewCell.swift in Sources */ = {isa = PBXBuildFile; fileRef = C6BD5BFC294110030031F32B /* CellFrasesTableViewCell.swift */; };
		C6BD5BFF294110030031F32B /* CellFrasesTableViewCell.xib in Resources */ = {isa = PBXBuildFile; fileRef = C6BD5BFD294110030031F32B /* CellFrasesTableViewCell.xib */; };
		C6BD5C01294136AB0031F32B /* FrasesModel.swift in Sources */ = {isa = PBXBuildFile; fileRef = C6BD5C00294136AA0031F32B /* FrasesModel.swift */; };
		C6BD5C0429416FD30031F32B /* Kingfisher in Frameworks */ = {isa = PBXBuildFile; productRef = C6BD5C0329416FD30031F32B /* Kingfisher */; };
		C6BD5C06294177F70031F32B /* ShowFraseViewController.swift in Sources */ = {isa = PBXBuildFile; fileRef = C6BD5C05294177F70031F32B /* ShowFraseViewController.swift */; };
/* End PBXBuildFile section */

/* Begin PBXFileReference section */
		C63773DB293E9ED300F3B532 /* Frase_App.app */ = {isa = PBXFileReference; explicitFileType = wrapper.application; includeInIndex = 0; path = Frase_App.app; sourceTree = BUILT_PRODUCTS_DIR; };
		C63773DE293E9ED300F3B532 /* AppDelegate.swift */ = {isa = PBXFileReference; lastKnownFileType = sourcecode.swift; path = AppDelegate.swift; sourceTree = "<group>"; };
		C63773E0293E9ED300F3B532 /* SceneDelegate.swift */ = {isa = PBXFileReference; lastKnownFileType = sourcecode.swift; path = SceneDelegate.swift; sourceTree = "<group>"; };
		C63773E2293E9ED300F3B532 /* ViewController.swift */ = {isa = PBXFileReference; lastKnownFileType = sourcecode.swift; path = ViewController.swift; sourceTree = "<group>"; };
		C63773E5293E9ED300F3B532 /* Base */ = {isa = PBXFileReference; lastKnownFileType = file.storyboard; name = Base; path = Base.lproj/Main.storyboard; sourceTree = "<group>"; };
		C63773E7293E9ED500F3B532 /* Assets.xcassets */ = {isa = PBXFileReference; lastKnownFileType = folder.assetcatalog; path = Assets.xcassets; sourceTree = "<group>"; };
		C63773EA293E9ED500F3B532 /* Base */ = {isa = PBXFileReference; lastKnownFileType = file.storyboard; name = Base; path = Base.lproj/LaunchScreen.storyboard; sourceTree = "<group>"; };
		C63773EC293E9ED500F3B532 /* Info.plist */ = {isa = PBXFileReference; lastKnownFileType = text.plist.xml; path = Info.plist; sourceTree = "<group>"; };
		C63773F3293EA5B200F3B532 /* LoginViewController.swift */ = {isa = PBXFileReference; lastKnownFileType = sourcecode.swift; path = LoginViewController.swift; sourceTree = "<group>"; };
		C63773F5293EACB800F3B532 /* RecoveryViewController.swift */ = {isa = PBXFileReference; lastKnownFileType = sourcecode.swift; path = RecoveryViewController.swift; sourceTree = "<group>"; };
		C63773F7293EACC800F3B532 /* RegisterViewController.swift */ = {isa = PBXFileReference; lastKnownFileType = sourcecode.swift; path = RegisterViewController.swift; sourceTree = "<group>"; };
		C63773F9293EC05D00F3B532 /* GoogleService-Info.plist */ = {isa = PBXFileReference; fileEncoding = 4; lastKnownFileType = text.plist.xml; name = "GoogleService-Info.plist"; path = "../../../Downloads/GoogleService-Info.plist"; sourceTree = "<group>"; };
		C637740D293EF03800F3B532 /* Home.storyboard */ = {isa = PBXFileReference; lastKnownFileType = file.storyboard; path = Home.storyboard; sourceTree = "<group>"; };
		C637740F293EF04E00F3B532 /* HomeViewController.swift */ = {isa = PBXFileReference; lastKnownFileType = sourcecode.swift; path = HomeViewController.swift; sourceTree = "<group>"; };
		C6BD5BF0293FCC090031F32B /* ValidationUtils.swift */ = {isa = PBXFileReference; lastKnownFileType = sourcecode.swift; path = ValidationUtils.swift; sourceTree = "<group>"; };
		C6BD5BF82940085A0031F32B /* UserModel.swift */ = {isa = PBXFileReference; lastKnownFileType = sourcecode.swift; path = UserModel.swift; sourceTree = "<group>"; };
		C6BD5BFC294110030031F32B /* CellFrasesTableViewCell.swift */ = {isa = PBXFileReference; lastKnownFileType = sourcecode.swift; path = CellFrasesTableViewCell.swift; sourceTree = "<group>"; };
		C6BD5BFD294110030031F32B /* CellFrasesTableViewCell.xib */ = {isa = PBXFileReference; lastKnownFileType = file.xib; path = CellFrasesTableViewCell.xib; sourceTree = "<group>"; };
		C6BD5C00294136AA0031F32B /* FrasesModel.swift */ = {isa = PBXFileReference; lastKnownFileType = sourcecode.swift; path = FrasesModel.swift; sourceTree = "<group>"; };
		C6BD5C05294177F70031F32B /* ShowFraseViewController.swift */ = {isa = PBXFileReference; lastKnownFileType = sourcecode.swift; path = ShowFraseViewController.swift; sourceTree = "<group>"; };
/* End PBXFileReference section */

/* Begin PBXFrameworksBuildPhase section */
		C63773D8293E9ED300F3B532 /* Frameworks */ = {
			isa = PBXFrameworksBuildPhase;
			buildActionMask = 2147483647;
			files = (
				C6BD5C0429416FD30031F32B /* Kingfisher in Frameworks */,
				C6BD5BF6293FFE8D0031F32B /* FirebaseFirestoreSwift in Frameworks */,
				C6377402293EDDEE00F3B532 /* FirebaseAnalyticsSwift in Frameworks */,
				C6BD5BF4293FFE8D0031F32B /* FirebaseFirestore in Frameworks */,
				C6377404293EDDEE00F3B532 /* FirebaseAuth in Frameworks */,
				C6377400293EDDEE00F3B532 /* FirebaseAnalytics in Frameworks */,
			);
			runOnlyForDeploymentPostprocessing = 0;
		};
/* End PBXFrameworksBuildPhase section */

/* Begin PBXGroup section */
		C63773D2293E9ED300F3B532 = {
			isa = PBXGroup;
			children = (
				C63773DD293E9ED300F3B532 /* Frase_App */,
				C63773DC293E9ED300F3B532 /* Products */,
				C6BD5BF2293FFE8D0031F32B /* Frameworks */,
			);
			sourceTree = "<group>";
		};
		C63773DC293E9ED300F3B532 /* Products */ = {
			isa = PBXGroup;
			children = (
				C63773DB293E9ED300F3B532 /* Frase_App.app */,
			);
			name = Products;
			sourceTree = "<group>";
		};
		C63773DD293E9ED300F3B532 /* Frase_App */ = {
			isa = PBXGroup;
			children = (
				C6BD5BF7294008310031F32B /* Models */,
				C6BD5BEF293FCBD80031F32B /* Utils */,
				C637740C293EF02400F3B532 /* Home */,
				C63773F2293EA58600F3B532 /* Login */,
				C63773DE293E9ED300F3B532 /* AppDelegate.swift */,
				C63773E0293E9ED300F3B532 /* SceneDelegate.swift */,
				C63773E2293E9ED300F3B532 /* ViewController.swift */,
				C63773E7293E9ED500F3B532 /* Assets.xcassets */,
				C63773E9293E9ED500F3B532 /* LaunchScreen.storyboard */,
				C63773EC293E9ED500F3B532 /* Info.plist */,
				C63773F9293EC05D00F3B532 /* GoogleService-Info.plist */,
			);
			path = Frase_App;
			sourceTree = "<group>";
		};
		C63773F2293EA58600F3B532 /* Login */ = {
			isa = PBXGroup;
			children = (
				C63773E4293E9ED300F3B532 /* Main.storyboard */,
				C63773F3293EA5B200F3B532 /* LoginViewController.swift */,
				C63773F5293EACB800F3B532 /* RecoveryViewController.swift */,
				C63773F7293EACC800F3B532 /* RegisterViewController.swift */,
			);
			path = Login;
			sourceTree = "<group>";
		};
		C637740C293EF02400F3B532 /* Home */ = {
			isa = PBXGroup;
			children = (
				C637740D293EF03800F3B532 /* Home.storyboard */,
				C637740F293EF04E00F3B532 /* HomeViewController.swift */,
				C6BD5C05294177F70031F32B /* ShowFraseViewController.swift */,
			);
			path = Home;
			sourceTree = "<group>";
		};
		C6BD5BEF293FCBD80031F32B /* Utils */ = {
			isa = PBXGroup;
			children = (
				C6BD5BF0293FCC090031F32B /* ValidationUtils.swift */,
				C6BD5BFC294110030031F32B /* CellFrasesTableViewCell.swift */,
				C6BD5BFD294110030031F32B /* CellFrasesTableViewCell.xib */,
			);
			path = Utils;
			sourceTree = "<group>";
		};
		C6BD5BF2293FFE8D0031F32B /* Frameworks */ = {
			isa = PBXGroup;
			children = (
			);
			name = Frameworks;
			sourceTree = "<group>";
		};
		C6BD5BF7294008310031F32B /* Models */ = {
			isa = PBXGroup;
			children = (
				C6BD5BF82940085A0031F32B /* UserModel.swift */,
				C6BD5C00294136AA0031F32B /* FrasesModel.swift */,
			);
			path = Models;
			sourceTree = "<group>";
		};
/* End PBXGroup section */

/* Begin PBXNativeTarget section */
		C63773DA293E9ED300F3B532 /* Frase_App */ = {
			isa = PBXNativeTarget;
			buildConfigurationList = C63773EF293E9ED500F3B532 /* Build configuration list for PBXNativeTarget "Frase_App" */;
			buildPhases = (
				C63773D7293E9ED300F3B532 /* Sources */,
				C63773D8293E9ED300F3B532 /* Frameworks */,
				C63773D9293E9ED300F3B532 /* Resources */,
			);
			buildRules = (
			);
			dependencies = (
			);
			name = Frase_App;
			packageProductDependencies = (
				C63773FF293EDDEE00F3B532 /* FirebaseAnalytics */,
				C6377401293EDDEE00F3B532 /* FirebaseAnalyticsSwift */,
				C6377403293EDDEE00F3B532 /* FirebaseAuth */,
				C6BD5BF3293FFE8D0031F32B /* FirebaseFirestore */,
				C6BD5BF5293FFE8D0031F32B /* FirebaseFirestoreSwift */,
				C6BD5C0329416FD30031F32B /* Kingfisher */,
			);
			productName = Frase_App;
			productReference = C63773DB293E9ED300F3B532 /* Frase_App.app */;
			productType = "com.apple.product-type.application";
		};
/* End PBXNativeTarget section */

/* Begin PBXProject section */
		C63773D3293E9ED300F3B532 /* Project object */ = {
			isa = PBXProject;
			attributes = {
				BuildIndependentTargetsInParallel = 1;
				LastSwiftUpdateCheck = 1410;
				LastUpgradeCheck = 1410;
				TargetAttributes = {
					C63773DA293E9ED300F3B532 = {
						CreatedOnToolsVersion = 14.1;
					};
				};
			};
			buildConfigurationList = C63773D6293E9ED300F3B532 /* Build configuration list for PBXProject "Frase_App" */;
			compatibilityVersion = "Xcode 14.0";
			developmentRegion = en;
			hasScannedForEncodings = 0;
			knownRegions = (
				en,
				Base,
			);
			mainGroup = C63773D2293E9ED300F3B532;
			packageReferences = (
				C63773FE293EDDEE00F3B532 /* XCRemoteSwiftPackageReference "firebase-ios-sdk" */,
				C6BD5C0229416FD20031F32B /* XCRemoteSwiftPackageReference "Kingfisher" */,
			);
			productRefGroup = C63773DC293E9ED300F3B532 /* Products */;
			projectDirPath = "";
			projectRoot = "";
			targets = (
				C63773DA293E9ED300F3B532 /* Frase_App */,
			);
		};
/* End PBXProject section */

/* Begin PBXResourcesBuildPhase section */
		C63773D9293E9ED300F3B532 /* Resources */ = {
			isa = PBXResourcesBuildPhase;
			buildActionMask = 2147483647;
			files = (
				C63773EB293E9ED500F3B532 /* LaunchScreen.storyboard in Resources */,
				C6BD5BFF294110030031F32B /* CellFrasesTableViewCell.xib in Resources */,
				C637740E293EF03800F3B532 /* Home.storyboard in Resources */,
				C63773FA293EC05D00F3B532 /* GoogleService-Info.plist in Resources */,
				C63773E8293E9ED500F3B532 /* Assets.xcassets in Resources */,
				C63773E6293E9ED300F3B532 /* Main.storyboard in Resources */,
			);
			runOnlyForDeploymentPostprocessing = 0;
		};
/* End PBXResourcesBuildPhase section */

/* Begin PBXSourcesBuildPhase section */
		C63773D7293E9ED300F3B532 /* Sources */ = {
			isa = PBXSourcesBuildPhase;
			buildActionMask = 2147483647;
			files = (
				C63773F6293EACB800F3B532 /* RecoveryViewController.swift in Sources */,
				C6BD5C06294177F70031F32B /* ShowFraseViewController.swift in Sources */,
				C63773F4293EA5B200F3B532 /* LoginViewController.swift in Sources */,
				C63773E3293E9ED300F3B532 /* ViewController.swift in Sources */,
				C6BD5BFE294110030031F32B /* CellFrasesTableViewCell.swift in Sources */,
				C63773F8293EACC800F3B532 /* RegisterViewController.swift in Sources */,
				C6BD5BF1293FCC090031F32B /* ValidationUtils.swift in Sources */,
				C63773DF293E9ED300F3B532 /* AppDelegate.swift in Sources */,
				C6377410293EF04E00F3B532 /* HomeViewController.swift in Sources */,
				C6BD5BF92940085A0031F32B /* UserModel.swift in Sources */,
				C6BD5C01294136AB0031F32B /* FrasesModel.swift in Sources */,
				C63773E1293E9ED300F3B532 /* SceneDelegate.swift in Sources */,
			);
			runOnlyForDeploymentPostprocessing = 0;
		};
/* End PBXSourcesBuildPhase section */

/* Begin PBXVariantGroup section */
		C63773E4293E9ED300F3B532 /* Main.storyboard */ = {
			isa = PBXVariantGroup;
			children = (
				C63773E5293E9ED300F3B532 /* Base */,
			);
			name = Main.storyboard;
			sourceTree = "<group>";
		};
		C63773E9293E9ED500F3B532 /* LaunchScreen.storyboard */ = {
			isa = PBXVariantGroup;
			children = (
				C63773EA293E9ED500F3B532 /* Base */,
			);
			name = LaunchScreen.storyboard;
			sourceTree = "<group>";
		};
/* End PBXVariantGroup section */

/* Begin XCBuildConfiguration section */
		C63773ED293E9ED500F3B532 /* Debug */ = {
			isa = XCBuildConfiguration;
			buildSettings = {
				ALWAYS_SEARCH_USER_PATHS = NO;
				CLANG_ANALYZER_NONNULL = YES;
				CLANG_ANALYZER_NUMBER_OBJECT_CONVERSION = YES_AGGRESSIVE;
				CLANG_CXX_LANGUAGE_STANDARD = "gnu++20";
				CLANG_ENABLE_MODULES = YES;
				CLANG_ENABLE_OBJC_ARC = YES;
				CLANG_ENABLE_OBJC_WEAK = YES;
				CLANG_WARN_BLOCK_CAPTURE_AUTORELEASING = YES;
				CLANG_WARN_BOOL_CONVERSION = YES;
				CLANG_WARN_COMMA = YES;
				CLANG_WARN_CONSTANT_CONVERSION = YES;
				CLANG_WARN_DEPRECATED_OBJC_IMPLEMENTATIONS = YES;
				CLANG_WARN_DIRECT_OBJC_ISA_USAGE = YES_ERROR;
				CLANG_WARN_DOCUMENTATION_COMMENTS = YES;
				CLANG_WARN_EMPTY_BODY = YES;
				CLANG_WARN_ENUM_CONVERSION = YES;
				CLANG_WARN_INFINITE_RECURSION = YES;
				CLANG_WARN_INT_CONVERSION = YES;
				CLANG_WARN_NON_LITERAL_NULL_CONVERSION = YES;
				CLANG_WARN_OBJC_IMPLICIT_RETAIN_SELF = YES;
				CLANG_WARN_OBJC_LITERAL_CONVERSION = YES;
				CLANG_WARN_OBJC_ROOT_CLASS = YES_ERROR;
				CLANG_WARN_QUOTED_INCLUDE_IN_FRAMEWORK_HEADER = YES;
				CLANG_WARN_RANGE_LOOP_ANALYSIS = YES;
				CLANG_WARN_STRICT_PROTOTYPES = YES;
				CLANG_WARN_SUSPICIOUS_MOVE = YES;
				CLANG_WARN_UNGUARDED_AVAILABILITY = YES_AGGRESSIVE;
				CLANG_WARN_UNREACHABLE_CODE = YES;
				CLANG_WARN__DUPLICATE_METHOD_MATCH = YES;
				COPY_PHASE_STRIP = NO;
				DEBUG_INFORMATION_FORMAT = dwarf;
				ENABLE_STRICT_OBJC_MSGSEND = YES;
				ENABLE_TESTABILITY = YES;
				GCC_C_LANGUAGE_STANDARD = gnu11;
				GCC_DYNAMIC_NO_PIC = NO;
				GCC_NO_COMMON_BLOCKS = YES;
				GCC_OPTIMIZATION_LEVEL = 0;
				GCC_PREPROCESSOR_DEFINITIONS = (
					"DEBUG=1",
					"$(inherited)",
				);
				GCC_WARN_64_TO_32_BIT_CONVERSION = YES;
				GCC_WARN_ABOUT_RETURN_TYPE = YES_ERROR;
				GCC_WARN_UNDECLARED_SELECTOR = YES;
				GCC_WARN_UNINITIALIZED_AUTOS = YES_AGGRESSIVE;
				GCC_WARN_UNUSED_FUNCTION = YES;
				GCC_WARN_UNUSED_VARIABLE = YES;
				IPHONEOS_DEPLOYMENT_TARGET = 16.1;
				MTL_ENABLE_DEBUG_INFO = INCLUDE_SOURCE;
				MTL_FAST_MATH = YES;
				ONLY_ACTIVE_ARCH = YES;
				SDKROOT = iphoneos;
				SWIFT_ACTIVE_COMPILATION_CONDITIONS = DEBUG;
				SWIFT_OPTIMIZATION_LEVEL = "-Onone";
			};
			name = Debug;
		};
		C63773EE293E9ED500F3B532 /* Release */ = {
			isa = XCBuildConfiguration;
			buildSettings = {
				ALWAYS_SEARCH_USER_PATHS = NO;
				CLANG_ANALYZER_NONNULL = YES;
				CLANG_ANALYZER_NUMBER_OBJECT_CONVERSION = YES_AGGRESSIVE;
				CLANG_CXX_LANGUAGE_STANDARD = "gnu++20";
				CLANG_ENABLE_MODULES = YES;
				CLANG_ENABLE_OBJC_ARC = YES;
				CLANG_ENABLE_OBJC_WEAK = YES;
				CLANG_WARN_BLOCK_CAPTURE_AUTORELEASING = YES;
				CLANG_WARN_BOOL_CONVERSION = YES;
				CLANG_WARN_COMMA = YES;
				CLANG_WARN_CONSTANT_CONVERSION = YES;
				CLANG_WARN_DEPRECATED_OBJC_IMPLEMENTATIONS = YES;
				CLANG_WARN_DIRECT_OBJC_ISA_USAGE = YES_ERROR;
				CLANG_WARN_DOCUMENTATION_COMMENTS = YES;
				CLANG_WARN_EMPTY_BODY = YES;
				CLANG_WARN_ENUM_CONVERSION = YES;
				CLANG_WARN_INFINITE_RECURSION = YES;
				CLANG_WARN_INT_CONVERSION = YES;
				CLANG_WARN_NON_LITERAL_NULL_CONVERSION = YES;
				CLANG_WARN_OBJC_IMPLICIT_RETAIN_SELF = YES;
				CLANG_WARN_OBJC_LITERAL_CONVERSION = YES;
				CLANG_WARN_OBJC_ROOT_CLASS = YES_ERROR;
				CLANG_WARN_QUOTED_INCLUDE_IN_FRAMEWORK_HEADER = YES;
				CLANG_WARN_RANGE_LOOP_ANALYSIS = YES;
				CLANG_WARN_STRICT_PROTOTYPES = YES;
				CLANG_WARN_SUSPICIOUS_MOVE = YES;
				CLANG_WARN_UNGUARDED_AVAILABILITY = YES_AGGRESSIVE;
				CLANG_WARN_UNREACHABLE_CODE = YES;
				CLANG_WARN__DUPLICATE_METHOD_MATCH = YES;
				COPY_PHASE_STRIP = NO;
				DEBUG_INFORMATION_FORMAT = "dwarf-with-dsym";
				ENABLE_NS_ASSERTIONS = NO;
				ENABLE_STRICT_OBJC_MSGSEND = YES;
				GCC_C_LANGUAGE_STANDARD = gnu11;
				GCC_NO_COMMON_BLOCKS = YES;
				GCC_WARN_64_TO_32_BIT_CONVERSION = YES;
				GCC_WARN_ABOUT_RETURN_TYPE = YES_ERROR;
				GCC_WARN_UNDECLARED_SELECTOR = YES;
				GCC_WARN_UNINITIALIZED_AUTOS = YES_AGGRESSIVE;
				GCC_WARN_UNUSED_FUNCTION = YES;
				GCC_WARN_UNUSED_VARIABLE = YES;
				IPHONEOS_DEPLOYMENT_TARGET = 16.1;
				MTL_ENABLE_DEBUG_INFO = NO;
				MTL_FAST_MATH = YES;
				SDKROOT = iphoneos;
				SWIFT_COMPILATION_MODE = wholemodule;
				SWIFT_OPTIMIZATION_LEVEL = "-O";
				VALIDATE_PRODUCT = YES;
			};
			name = Release;
		};
		C63773F0293E9ED500F3B532 /* Debug */ = {
			isa = XCBuildConfiguration;
			buildSettings = {
				ASSETCATALOG_COMPILER_APPICON_NAME = AppIcon;
				ASSETCATALOG_COMPILER_GLOBAL_ACCENT_COLOR_NAME = AccentColor;
				CODE_SIGN_STYLE = Automatic;
				CURRENT_PROJECT_VERSION = 1;
				GENERATE_INFOPLIST_FILE = YES;
				INFOPLIST_FILE = Frase_App/Info.plist;
				INFOPLIST_KEY_UIApplicationSupportsIndirectInputEvents = YES;
				INFOPLIST_KEY_UILaunchStoryboardName = LaunchScreen;
				INFOPLIST_KEY_UIMainStoryboardFile = Main;
				INFOPLIST_KEY_UISupportedInterfaceOrientations_iPad = "UIInterfaceOrientationPortrait UIInterfaceOrientationPortraitUpsideDown UIInterfaceOrientationLandscapeLeft UIInterfaceOrientationLandscapeRight";
				INFOPLIST_KEY_UISupportedInterfaceOrientations_iPhone = "UIInterfaceOrientationPortrait UIInterfaceOrientationLandscapeLeft UIInterfaceOrientationLandscapeRight";
				LD_RUNPATH_SEARCH_PATHS = (
					"$(inherited)",
					"@executable_path/Frameworks",
				);
				MARKETING_VERSION = 1.0;
				PRODUCT_BUNDLE_IDENTIFIER = "skynoff.Frase-App";
				PRODUCT_NAME = "$(TARGET_NAME)";
				SWIFT_EMIT_LOC_STRINGS = YES;
				SWIFT_VERSION = 5.0;
				TARGETED_DEVICE_FAMILY = "1,2";
			};
			name = Debug;
		};
		C63773F1293E9ED500F3B532 /* Release */ = {
			isa = XCBuildConfiguration;
			buildSettings = {
				ASSETCATALOG_COMPILER_APPICON_NAME = AppIcon;
				ASSETCATALOG_COMPILER_GLOBAL_ACCENT_COLOR_NAME = AccentColor;
				CODE_SIGN_STYLE = Automatic;
				CURRENT_PROJECT_VERSION = 1;
				GENERATE_INFOPLIST_FILE = YES;
				INFOPLIST_FILE = Frase_App/Info.plist;
				INFOPLIST_KEY_UIApplicationSupportsIndirectInputEvents = YES;
				INFOPLIST_KEY_UILaunchStoryboardName = LaunchScreen;
				INFOPLIST_KEY_UIMainStoryboardFile = Main;
				INFOPLIST_KEY_UISupportedInterfaceOrientations_iPad = "UIInterfaceOrientationPortrait UIInterfaceOrientationPortraitUpsideDown UIInterfaceOrientationLandscapeLeft UIInterfaceOrientationLandscapeRight";
				INFOPLIST_KEY_UISupportedInterfaceOrientations_iPhone = "UIInterfaceOrientationPortrait UIInterfaceOrientationLandscapeLeft UIInterfaceOrientationLandscapeRight";
				LD_RUNPATH_SEARCH_PATHS = (
					"$(inherited)",
					"@executable_path/Frameworks",
				);
				MARKETING_VERSION = 1.0;
				PRODUCT_BUNDLE_IDENTIFIER = "skynoff.Frase-App";
				PRODUCT_NAME = "$(TARGET_NAME)";
				SWIFT_EMIT_LOC_STRINGS = YES;
				SWIFT_VERSION = 5.0;
				TARGETED_DEVICE_FAMILY = "1,2";
			};
			name = Release;
		};
/* End XCBuildConfiguration section */

/* Begin XCConfigurationList section */
		C63773D6293E9ED300F3B532 /* Build configuration list for PBXProject "Frase_App" */ = {
			isa = XCConfigurationList;
			buildConfigurations = (
				C63773ED293E9ED500F3B532 /* Debug */,
				C63773EE293E9ED500F3B532 /* Release */,
			);
			defaultConfigurationIsVisible = 0;
			defaultConfigurationName = Release;
		};
		C63773EF293E9ED500F3B532 /* Build configuration list for PBXNativeTarget "Frase_App" */ = {
			isa = XCConfigurationList;
			buildConfigurations = (
				C63773F0293E9ED500F3B532 /* Debug */,
				C63773F1293E9ED500F3B532 /* Release */,
			);
			defaultConfigurationIsVisible = 0;
			defaultConfigurationName = Release;
		};
/* End XCConfigurationList section */

/* Begin XCRemoteSwiftPackageReference section */
		C63773FE293EDDEE00F3B532 /* XCRemoteSwiftPackageReference "firebase-ios-sdk" */ = {
			isa = XCRemoteSwiftPackageReference;
			repositoryURL = "https://github.com/firebase/firebase-ios-sdk";
			requirement = {
				branch = master;
				kind = branch;
			};
		};
		C6BD5C0229416FD20031F32B /* XCRemoteSwiftPackageReference "Kingfisher" */ = {
			isa = XCRemoteSwiftPackageReference;
			repositoryURL = "https://github.com/onevcat/Kingfisher.git";
			requirement = {
				kind = upToNextMajorVersion;
				minimumVersion = 7.0.0;
			};
		};
/* End XCRemoteSwiftPackageReference section */

/* Begin XCSwiftPackageProductDependency section */
		C63773FF293EDDEE00F3B532 /* FirebaseAnalytics */ = {
			isa = XCSwiftPackageProductDependency;
			package = C63773FE293EDDEE00F3B532 /* XCRemoteSwiftPackageReference "firebase-ios-sdk" */;
			productName = FirebaseAnalytics;
		};
		C6377401293EDDEE00F3B532 /* FirebaseAnalyticsSwift */ = {
			isa = XCSwiftPackageProductDependency;
			package = C63773FE293EDDEE00F3B532 /* XCRemoteSwiftPackageReference "firebase-ios-sdk" */;
			productName = FirebaseAnalyticsSwift;
		};
		C6377403293EDDEE00F3B532 /* FirebaseAuth */ = {
			isa = XCSwiftPackageProductDependency;
			package = C63773FE293EDDEE00F3B532 /* XCRemoteSwiftPackageReference "firebase-ios-sdk" */;
			productName = FirebaseAuth;
		};
		C6BD5BF3293FFE8D0031F32B /* FirebaseFirestore */ = {
			isa = XCSwiftPackageProductDependency;
			package = C63773FE293EDDEE00F3B532 /* XCRemoteSwiftPackageReference "firebase-ios-sdk" */;
			productName = FirebaseFirestore;
		};
		C6BD5BF5293FFE8D0031F32B /* FirebaseFirestoreSwift */ = {
			isa = XCSwiftPackageProductDependency;
			package = C63773FE293EDDEE00F3B532 /* XCRemoteSwiftPackageReference "firebase-ios-sdk" */;
			productName = FirebaseFirestoreSwift;
		};
		C6BD5C0329416FD30031F32B /* Kingfisher */ = {
			isa = XCSwiftPackageProductDependency;
			package = C6BD5C0229416FD20031F32B /* XCRemoteSwiftPackageReference "Kingfisher" */;
			productName = Kingfisher;
		};
/* End XCSwiftPackageProductDependency section */
	};
	rootObject = C63773D3293E9ED300F3B532 /* Project object */;
}
